
Microsoft Visual Studio Solution File, Format Version 12.00
# Visual Studio Version 16
VisualStudioVersion = 16.0.30523.141
MinimumVisualStudioVersion = 10.0.40219.1
Project("{FAE04EC0-301F-11D3-BF4B-00C04F79EFBC}") = "CSModTest", "CSModTest\CSModTest.csproj", "{8FC21F8F-A527-4CF9-8B84-2C5DE195601E}"
EndProject
Global
	GlobalSection(SolutionConfigurationPlatforms) = preSolution
		Benchmark|Any CPU = Benchmark|Any CPU
		Debug|Any CPU = Debug|Any CPU
		FullDebug|Any CPU = FullDebug|Any CPU
		PF2_Debug|Any CPU = PF2_Debug|Any CPU
		Release LABS|Any CPU = Release LABS|Any CPU
		Release|Any CPU = Release|Any CPU
	EndGlobalSection
	GlobalSection(ProjectConfigurationPlatforms) = postSolution
		{8FC21F8F-A527-4CF9-8B84-2C5DE195601E}.Benchmark|Any CPU.ActiveCfg = Release|Any CPU
		{8FC21F8F-A527-4CF9-8B84-2C5DE195601E}.Benchmark|Any CPU.Build.0 = Release|Any CPU
		{8FC21F8F-A527-4CF9-8B84-2C5DE195601E}.Debug|Any CPU.ActiveCfg = Debug|Any CPU
		{8FC21F8F-A527-4CF9-8B84-2C5DE195601E}.Debug|Any CPU.Build.0 = Debug|Any CPU
		{8FC21F8F-A527-4CF9-8B84-2C5DE195601E}.FullDebug|Any CPU.ActiveCfg = Debug|Any CPU
		{8FC21F8F-A527-4CF9-8B84-2C5DE195601E}.FullDebug|Any CPU.Build.0 = Debug|Any CPU
		{8FC21F8F-A527-4CF9-8B84-2C5DE195601E}.PF2_Debug|Any CPU.ActiveCfg = Debug|Any CPU
		{8FC21F8F-A527-4CF9-8B84-2C5DE195601E}.PF2_Debug|Any CPU.Build.0 = Debug|Any CPU
		{8FC21F8F-A527-4CF9-8B84-2C5DE195601E}.Release LABS|Any CPU.ActiveCfg = Release|Any CPU
		{8FC21F8F-A527-4CF9-8B84-2C5DE195601E}.Release LABS|Any CPU.Build.0 = Release|Any CPU
		{8FC21F8F-A527-4CF9-8B84-2C5DE195601E}.Release|Any CPU.ActiveCfg = Release|Any CPU
		{8FC21F8F-A527-4CF9-8B84-2C5DE195601E}.Release|Any CPU.Build.0 = Release|Any CPU
	EndGlobalSection
	GlobalSection(SolutionProperties) = preSolution
		HideSolutionNode = FALSE
	EndGlobalSection
	GlobalSection(ExtensibilityGlobals) = postSolution
		SolutionGuid = {2272B468-D0D6-4890-8DB2-67128349D667}
	EndGlobalSection
EndGlobal
